// !$*UTF8*$!
{
	archiveVersion = 1;
	classes = {
	};
	objectVersion = 56;
	objects = {

/* Begin PBXBuildFile section */
		2C0C733C2B05D01B0096D145 /* BoolVector.cpp in Sources */ = {isa = PBXBuildFile; fileRef = 2C0C733A2B05D01B0096D145 /* BoolVector.cpp */; };
		2C8F517B2AFC9EEF00D3D58F /* main.cpp in Sources */ = {isa = PBXBuildFile; fileRef = 2C8F517A2AFC9EEF00D3D58F /* main.cpp */; };
		2C8F51832AFC9F0500D3D58F /* BoolMatrix.cpp in Sources */ = {isa = PBXBuildFile; fileRef = 2C8F51812AFC9F0400D3D58F /* BoolMatrix.cpp */; };
/* End PBXBuildFile section */

/* Begin PBXCopyFilesBuildPhase section */
		2C8F51752AFC9EEF00D3D58F /* CopyFiles */ = {
			isa = PBXCopyFilesBuildPhase;
			buildActionMask = 2147483647;
			dstPath = /usr/share/man/man1/;
			dstSubfolderSpec = 0;
			files = (
			);
			runOnlyForDeploymentPostprocessing = 1;
		};
/* End PBXCopyFilesBuildPhase section */

/* Begin PBXFileReference section */
		2C0C733A2B05D01B0096D145 /* BoolVector.cpp */ = {isa = PBXFileReference; fileEncoding = 4; lastKnownFileType = sourcecode.cpp.cpp; name = BoolVector.cpp; path = "../../#3 Bool Vector/#3 Bool Vector/BoolVector.cpp"; sourceTree = "<group>"; };
		2C0C733B2B05D01B0096D145 /* BoolVector.hpp */ = {isa = PBXFileReference; fileEncoding = 4; lastKnownFileType = sourcecode.cpp.h; name = BoolVector.hpp; path = "../../#3 Bool Vector/#3 Bool Vector/BoolVector.hpp"; sourceTree = "<group>"; };
		2C8F51772AFC9EEF00D3D58F /* #4 Bool Matrix */ = {isa = PBXFileReference; explicitFileType = "compiled.mach-o.executable"; includeInIndex = 0; path = "#4 Bool Matrix"; sourceTree = BUILT_PRODUCTS_DIR; };
		2C8F517A2AFC9EEF00D3D58F /* main.cpp */ = {isa = PBXFileReference; lastKnownFileType = sourcecode.cpp.cpp; path = main.cpp; sourceTree = "<group>"; };
		2C8F51812AFC9F0400D3D58F /* BoolMatrix.cpp */ = {isa = PBXFileReference; lastKnownFileType = sourcecode.cpp.cpp; path = BoolMatrix.cpp; sourceTree = "<group>"; };
		2C8F51822AFC9F0500D3D58F /* BoolMatrix.hpp */ = {isa = PBXFileReference; lastKnownFileType = sourcecode.cpp.h; path = BoolMatrix.hpp; sourceTree = "<group>"; };
/* End PBXFileReference section */

/* Begin PBXFrameworksBuildPhase section */
		2C8F51742AFC9EEF00D3D58F /* Frameworks */ = {
			isa = PBXFrameworksBuildPhase;
			buildActionMask = 2147483647;
			files = (
			);
			runOnlyForDeploymentPostprocessing = 0;
		};
/* End PBXFrameworksBuildPhase section */

/* Begin PBXGroup section */
		2C8F516E2AFC9EEF00D3D58F = {
			isa = PBXGroup;
			children = (
				2C8F51792AFC9EEF00D3D58F /* #4 Bool Matrix */,
				2C8F51782AFC9EEF00D3D58F /* Products */,
			);
			sourceTree = "<group>";
		};
		2C8F51782AFC9EEF00D3D58F /* Products */ = {
			isa = PBXGroup;
			children = (
				2C8F51772AFC9EEF00D3D58F /* #4 Bool Matrix */,
			);
			name = Products;
			sourceTree = "<group>";
		};
		2C8F51792AFC9EEF00D3D58F /* #4 Bool Matrix */ = {
			isa = PBXGroup;
			children = (
				2C8F517A2AFC9EEF00D3D58F /* main.cpp */,
				2C8F51812AFC9F0400D3D58F /* BoolMatrix.cpp */,
				2C8F51822AFC9F0500D3D58F /* BoolMatrix.hpp */,
				2C0C733A2B05D01B0096D145 /* BoolVector.cpp */,
				2C0C733B2B05D01B0096D145 /* BoolVector.hpp */,
			);
			path = "#4 Bool Matrix";
			sourceTree = "<group>";
		};
/* End PBXGroup section */

/* Begin PBXNativeTarget section */
		2C8F51762AFC9EEF00D3D58F /* #4 Bool Matrix */ = {
			isa = PBXNativeTarget;
			buildConfigurationList = 2C8F517E2AFC9EEF00D3D58F /* Build configuration list for PBXNativeTarget "#4 Bool Matrix" */;
			buildPhases = (
				2C8F51732AFC9EEF00D3D58F /* Sources */,
				2C8F51742AFC9EEF00D3D58F /* Frameworks */,
				2C8F51752AFC9EEF00D3D58F /* CopyFiles */,
			);
			buildRules = (
			);
			dependencies = (
			);
			name = "#4 Bool Matrix";
			productName = "#4 Bool Matrix";
			productReference = 2C8F51772AFC9EEF00D3D58F /* #4 Bool Matrix */;
			productType = "com.apple.product-type.tool";
		};
/* End PBXNativeTarget section */

/* Begin PBXProject section */
		2C8F516F2AFC9EEF00D3D58F /* Project object */ = {
			isa = PBXProject;
			attributes = {
				BuildIndependentTargetsInParallel = 1;
				LastUpgradeCheck = 1420;
				TargetAttributes = {
					2C8F51762AFC9EEF00D3D58F = {
						CreatedOnToolsVersion = 14.2;
					};
				};
			};
			buildConfigurationList = 2C8F51722AFC9EEF00D3D58F /* Build configuration list for PBXProject "#4 Bool Matrix" */;
			compatibilityVersion = "Xcode 14.0";
			developmentRegion = en;
			hasScannedForEncodings = 0;
			knownRegions = (
				en,
				Base,
			);
			mainGroup = 2C8F516E2AFC9EEF00D3D58F;
			productRefGroup = 2C8F51782AFC9EEF00D3D58F /* Products */;
			projectDirPath = "";
			projectRoot = "";
			targets = (
				2C8F51762AFC9EEF00D3D58F /* #4 Bool Matrix */,
			);
		};
/* End PBXProject section */

/* Begin PBXSourcesBuildPhase section */
		2C8F51732AFC9EEF00D3D58F /* Sources */ = {
			isa = PBXSourcesBuildPhase;
			buildActionMask = 2147483647;
			files = (
				2C0C733C2B05D01B0096D145 /* BoolVector.cpp in Sources */,
				2C8F517B2AFC9EEF00D3D58F /* main.cpp in Sources */,
				2C8F51832AFC9F0500D3D58F /* BoolMatrix.cpp in Sources */,
			);
			runOnlyForDeploymentPostprocessing = 0;
		};
/* End PBXSourcesBuildPhase section */

/* Begin XCBuildConfiguration section */
		2C8F517C2AFC9EEF00D3D58F /* Debug */ = {
			isa = XCBuildConfiguration;
			buildSettings = {
				ALWAYS_SEARCH_USER_PATHS = NO;
				CLANG_ANALYZER_NONNULL = YES;
				CLANG_ANALYZER_NUMBER_OBJECT_CONVERSION = YES_AGGRESSIVE;
				CLANG_CXX_LANGUAGE_STANDARD = "gnu++20";
				CLANG_ENABLE_MODULES = YES;
				CLANG_ENABLE_OBJC_ARC = YES;
				CLANG_ENABLE_OBJC_WEAK = YES;
				CLANG_WARN_BLOCK_CAPTURE_AUTORELEASING = YES;
				CLANG_WARN_BOOL_CONVERSION = YES;
				CLANG_WARN_COMMA = YES;
				CLANG_WARN_CONSTANT_CONVERSION = YES;
				CLANG_WARN_DEPRECATED_OBJC_IMPLEMENTATIONS = YES;
				CLANG_WARN_DIRECT_OBJC_ISA_USAGE = YES_ERROR;
				CLANG_WARN_DOCUMENTATION_COMMENTS = YES;
				CLANG_WARN_EMPTY_BODY = YES;
				CLANG_WARN_ENUM_CONVERSION = YES;
				CLANG_WARN_INFINITE_RECURSION = YES;
				CLANG_WARN_INT_CONVERSION = YES;
				CLANG_WARN_NON_LITERAL_NULL_CONVERSION = YES;
				CLANG_WARN_OBJC_IMPLICIT_RETAIN_SELF = YES;
				CLANG_WARN_OBJC_LITERAL_CONVERSION = YES;
				CLANG_WARN_OBJC_ROOT_CLASS = YES_ERROR;
				CLANG_WARN_QUOTED_INCLUDE_IN_FRAMEWORK_HEADER = YES;
				CLANG_WARN_RANGE_LOOP_ANALYSIS = YES;
				CLANG_WARN_STRICT_PROTOTYPES = YES;
				CLANG_WARN_SUSPICIOUS_MOVE = YES;
				CLANG_WARN_UNGUARDED_AVAILABILITY = YES_AGGRESSIVE;
				CLANG_WARN_UNREACHABLE_CODE = YES;
				CLANG_WARN__DUPLICATE_METHOD_MATCH = YES;
				COPY_PHASE_STRIP = NO;
				DEBUG_INFORMATION_FORMAT = dwarf;
				ENABLE_STRICT_OBJC_MSGSEND = YES;
				ENABLE_TESTABILITY = YES;
				GCC_C_LANGUAGE_STANDARD = gnu11;
				GCC_DYNAMIC_NO_PIC = NO;
				GCC_NO_COMMON_BLOCKS = YES;
				GCC_OPTIMIZATION_LEVEL = 0;
				GCC_PREPROCESSOR_DEFINITIONS = (
					"DEBUG=1",
					"$(inherited)",
				);
				GCC_WARN_64_TO_32_BIT_CONVERSION = YES;
				GCC_WARN_ABOUT_RETURN_TYPE = YES_ERROR;
				GCC_WARN_UNDECLARED_SELECTOR = YES;
				GCC_WARN_UNINITIALIZED_AUTOS = YES_AGGRESSIVE;
				GCC_WARN_UNUSED_FUNCTION = YES;
				GCC_WARN_UNUSED_VARIABLE = YES;
				MACOSX_DEPLOYMENT_TARGET = 12.6;
				MTL_ENABLE_DEBUG_INFO = INCLUDE_SOURCE;
				MTL_FAST_MATH = YES;
				ONLY_ACTIVE_ARCH = YES;
				SDKROOT = macosx;
			};
			name = Debug;
		};
		2C8F517D2AFC9EEF00D3D58F /* Release */ = {
			isa = XCBuildConfiguration;
			buildSettings = {
				ALWAYS_SEARCH_USER_PATHS = NO;
				CLANG_ANALYZER_NONNULL = YES;
				CLANG_ANALYZER_NUMBER_OBJECT_CONVERSION = YES_AGGRESSIVE;
				CLANG_CXX_LANGUAGE_STANDARD = "gnu++20";
				CLANG_ENABLE_MODULES = YES;
				CLANG_ENABLE_OBJC_ARC = YES;
				CLANG_ENABLE_OBJC_WEAK = YES;
				CLANG_WARN_BLOCK_CAPTURE_AUTORELEASING = YES;
				CLANG_WARN_BOOL_CONVERSION = YES;
				CLANG_WARN_COMMA = YES;
				CLANG_WARN_CONSTANT_CONVERSION = YES;
				CLANG_WARN_DEPRECATED_OBJC_IMPLEMENTATIONS = YES;
				CLANG_WARN_DIRECT_OBJC_ISA_USAGE = YES_ERROR;
				CLANG_WARN_DOCUMENTATION_COMMENTS = YES;
				CLANG_WARN_EMPTY_BODY = YES;
				CLANG_WARN_ENUM_CONVERSION = YES;
				CLANG_WARN_INFINITE_RECURSION = YES;
				CLANG_WARN_INT_CONVERSION = YES;
				CLANG_WARN_NON_LITERAL_NULL_CONVERSION = YES;
				CLANG_WARN_OBJC_IMPLICIT_RETAIN_SELF = YES;
				CLANG_WARN_OBJC_LITERAL_CONVERSION = YES;
				CLANG_WARN_OBJC_ROOT_CLASS = YES_ERROR;
				CLANG_WARN_QUOTED_INCLUDE_IN_FRAMEWORK_HEADER = YES;
				CLANG_WARN_RANGE_LOOP_ANALYSIS = YES;
				CLANG_WARN_STRICT_PROTOTYPES = YES;
				CLANG_WARN_SUSPICIOUS_MOVE = YES;
				CLANG_WARN_UNGUARDED_AVAILABILITY = YES_AGGRESSIVE;
				CLANG_WARN_UNREACHABLE_CODE = YES;
				CLANG_WARN__DUPLICATE_METHOD_MATCH = YES;
				COPY_PHASE_STRIP = NO;
				DEBUG_INFORMATION_FORMAT = "dwarf-with-dsym";
				ENABLE_NS_ASSERTIONS = NO;
				ENABLE_STRICT_OBJC_MSGSEND = YES;
				GCC_C_LANGUAGE_STANDARD = gnu11;
				GCC_NO_COMMON_BLOCKS = YES;
				GCC_WARN_64_TO_32_BIT_CONVERSION = YES;
				GCC_WARN_ABOUT_RETURN_TYPE = YES_ERROR;
				GCC_WARN_UNDECLARED_SELECTOR = YES;
				GCC_WARN_UNINITIALIZED_AUTOS = YES_AGGRESSIVE;
				GCC_WARN_UNUSED_FUNCTION = YES;
				GCC_WARN_UNUSED_VARIABLE = YES;
				MACOSX_DEPLOYMENT_TARGET = 12.6;
				MTL_ENABLE_DEBUG_INFO = NO;
				MTL_FAST_MATH = YES;
				SDKROOT = macosx;
			};
			name = Release;
		};
		2C8F517F2AFC9EEF00D3D58F /* Debug */ = {
			isa = XCBuildConfiguration;
			buildSettings = {
				CODE_SIGN_STYLE = Automatic;
				GCC_NO_COMMON_BLOCKS = YES;
				PRODUCT_NAME = "$(TARGET_NAME)";
			};
			name = Debug;
		};
		2C8F51802AFC9EEF00D3D58F /* Release */ = {
			isa = XCBuildConfiguration;
			buildSettings = {
				CODE_SIGN_STYLE = Automatic;
				GCC_NO_COMMON_BLOCKS = YES;
				PRODUCT_NAME = "$(TARGET_NAME)";
			};
			name = Release;
		};
/* End XCBuildConfiguration section */

/* Begin XCConfigurationList section */
		2C8F51722AFC9EEF00D3D58F /* Build configuration list for PBXProject "#4 Bool Matrix" */ = {
			isa = XCConfigurationList;
			buildConfigurations = (
				2C8F517C2AFC9EEF00D3D58F /* Debug */,
				2C8F517D2AFC9EEF00D3D58F /* Release */,
			);
			defaultConfigurationIsVisible = 0;
			defaultConfigurationName = Release;
		};
		2C8F517E2AFC9EEF00D3D58F /* Build configuration list for PBXNativeTarget "#4 Bool Matrix" */ = {
			isa = XCConfigurationList;
			buildConfigurations = (
				2C8F517F2AFC9EEF00D3D58F /* Debug */,
				2C8F51802AFC9EEF00D3D58F /* Release */,
			);
			defaultConfigurationIsVisible = 0;
			defaultConfigurationName = Release;
		};
/* End XCConfigurationList section */
	};
	rootObject = 2C8F516F2AFC9EEF00D3D58F /* Project object */;
}
